
Microsoft Visual Studio Solution File, Format Version 12.00
# Visual Studio Version 17
VisualStudioVersion = 17.14.36327.8 d17.14
MinimumVisualStudioVersion = 10.0.40219.1
Project("{FAE04EC0-301F-11D3-BF4B-00C04F79EFBC}") = "ML.NET test", "ML.NET test\ML.NET test.csproj", "{990F3767-B078-47F2-834B-DA26043C7BD6}"
EndProject
Project("{FAE04EC0-301F-11D3-BF4B-00C04F79EFBC}") = "SentimentalModel_WebApi", "SentimentalModel_WebApi\SentimentalModel_WebApi.csproj", "{ABE01069-2364-15C2-B4C6-BED9526F6A7B}"
EndProject
Global
	GlobalSection(SolutionConfigurationPlatforms) = preSolution
		Debug|Any CPU = Debug|Any CPU
		Release|Any CPU = Release|Any CPU
	EndGlobalSection
	GlobalSection(ProjectConfigurationPlatforms) = postSolution
		{990F3767-B078-47F2-834B-DA26043C7BD6}.Debug|Any CPU.ActiveCfg = Debug|Any CPU
		{990F3767-B078-47F2-834B-DA26043C7BD6}.Debug|Any CPU.Build.0 = Debug|Any CPU
		{990F3767-B078-47F2-834B-DA26043C7BD6}.Release|Any CPU.ActiveCfg = Release|Any CPU
		{990F3767-B078-47F2-834B-DA26043C7BD6}.Release|Any CPU.Build.0 = Release|Any CPU
		{ABE01069-2364-15C2-B4C6-BED9526F6A7B}.Debug|Any CPU.ActiveCfg = Debug|Any CPU
		{ABE01069-2364-15C2-B4C6-BED9526F6A7B}.Debug|Any CPU.Build.0 = Debug|Any CPU
		{ABE01069-2364-15C2-B4C6-BED9526F6A7B}.Release|Any CPU.ActiveCfg = Release|Any CPU
		{ABE01069-2364-15C2-B4C6-BED9526F6A7B}.Release|Any CPU.Build.0 = Release|Any CPU
	EndGlobalSection
	GlobalSection(SolutionProperties) = preSolution
		HideSolutionNode = FALSE
	EndGlobalSection
	GlobalSection(ExtensibilityGlobals) = postSolution
		SolutionGuid = {7AF53348-C593-41AC-BEA6-73721D90254E}
	EndGlobalSection
EndGlobal
